
Microsoft Visual Studio Solution File, Format Version 12.00
# Visual Studio 15
VisualStudioVersion = 15.0.27130.2020
MinimumVisualStudioVersion = 10.0.40219.1
Project("{FAE04EC0-301F-11D3-BF4B-00C04F79EFBC}") = "WindowsFormsApp1", "WindowsFormsApp1\WindowsFormsApp1.csproj", "{68071D9F-7D17-465E-8D1B-4F693AFFF5E4}"
EndProject
Global
	GlobalSection(SolutionConfigurationPlatforms) = preSolution
		Debug|Any CPU = Debug|Any CPU
		Release|Any CPU = Release|Any CPU
	EndGlobalSection
	GlobalSection(ProjectConfigurationPlatforms) = postSolution
		{68071D9F-7D17-465E-8D1B-4F693AFFF5E4}.Debug|Any CPU.ActiveCfg = Debug|Any CPU
		{68071D9F-7D17-465E-8D1B-4F693AFFF5E4}.Debug|Any CPU.Build.0 = Debug|Any CPU
		{68071D9F-7D17-465E-8D1B-4F693AFFF5E4}.Release|Any CPU.ActiveCfg = Release|Any CPU
		{68071D9F-7D17-465E-8D1B-4F693AFFF5E4}.Release|Any CPU.Build.0 = Release|Any CPU
	EndGlobalSection
	GlobalSection(SolutionProperties) = preSolution
		HideSolutionNode = FALSE
	EndGlobalSection
	GlobalSection(ExtensibilityGlobals) = postSolution
		SolutionGuid = {237562DF-37BA-4589-BDCA-FF5E95359861}
	EndGlobalSection
EndGlobal
